
Microsoft Visual Studio Solution File, Format Version 12.00
# Visual Studio Version 17
VisualStudioVersion = 17.0.31903.59
MinimumVisualStudioVersion = 10.0.40219.1
Project("{FAE04EC0-301F-11D3-BF4B-00C04F79EFBC}") = "BigONotationFunctions", "BigONotationFunctions\BigONotationFunctions.csproj", "{DCD4229C-138E-4D97-B4D3-640147CE324A}"
EndProject
Project("{2150E333-8FDC-42A3-9474-1A3956D46DE8}") = "ArraysAndLists", "ArraysAndLists", "{B647AE88-CDDD-44D1-A898-DC5BD4BC4DE9}"
EndProject
Project("{FAE04EC0-301F-11D3-BF4B-00C04F79EFBC}") = "ContainsDuplicate", "ArraysAndLists\ContainsDuplicate\ContainsDuplicate.csproj", "{10B5235F-E31D-43CB-8F7E-1992669E8302}"
EndProject
Project("{FAE04EC0-301F-11D3-BF4B-00C04F79EFBC}") = "SingleNumber", "ArraysAndLists\SingleNumber\SingleNumber.csproj", "{E822ABE4-673D-4626-A298-D18DDB0F3AAC}"
EndProject
Project("{FAE04EC0-301F-11D3-BF4B-00C04F79EFBC}") = "MajorityElement", "ArraysAndLists\MajorityElement\MajorityElement.csproj", "{C7384986-1578-4700-892F-E5BB59EEB8EA}"
EndProject
Project("{2150E333-8FDC-42A3-9474-1A3956D46DE8}") = "StackQueueDeque", "StackQueueDeque", "{2D226CD7-C822-407F-A810-61120355944B}"
EndProject
Project("{FAE04EC0-301F-11D3-BF4B-00C04F79EFBC}") = "CustomStack", "StackQueueDeque\CustomStack\CustomStack.csproj", "{949883BC-5BB3-493A-A0BA-035B16CB0D5E}"
EndProject
Project("{FAE04EC0-301F-11D3-BF4B-00C04F79EFBC}") = "CustomQueue", "StackQueueDeque\CustomQueue\CustomQueue.csproj", "{82A163E1-686A-4009-886D-0E152270775D}"
EndProject
Project("{FAE04EC0-301F-11D3-BF4B-00C04F79EFBC}") = "CustomDeque", "StackQueueDeque\CustomDeque\CustomDeque.csproj", "{968F925C-8D25-487C-ACC2-C445AA9DE6CA}"
EndProject
Project("{FAE04EC0-301F-11D3-BF4B-00C04F79EFBC}") = "ImplStackUsingQueue", "StackQueueDeque\ImplStackUsingQueue\ImplStackUsingQueue.csproj", "{F365BB53-6CD2-4D9A-BEF6-7B7FE5C3CA51}"
EndProject
Project("{FAE04EC0-301F-11D3-BF4B-00C04F79EFBC}") = "SolutionOfBaseballGame", "StackQueueDeque\SolutionOfBaseballGame\SolutionOfBaseballGame.csproj", "{57E96874-5242-421F-A397-F9FCEC4557BD}"
EndProject
Project("{FAE04EC0-301F-11D3-BF4B-00C04F79EFBC}") = "SolutionOfDailyTemperatures", "StackQueueDeque\SolutionOfDailyTemperatures\SolutionOfDailyTemperatures.csproj", "{A06F8878-6CC9-46B4-9E94-03E8830C432B}"
EndProject
Project("{2150E333-8FDC-42A3-9474-1A3956D46DE8}") = "LinkedList", "LinkedList", "{FD620450-3EA3-4B62-A512-3BDF73FABD18}"
EndProject
Project("{FAE04EC0-301F-11D3-BF4B-00C04F79EFBC}") = "SolutionRemoveNthNodeFromEndofList", "LinkedList\SolutionRemoveNthNodeFromEndofList\SolutionRemoveNthNodeFromEndofList.csproj", "{A7D8542B-09B0-4086-98E4-901E54B6FF1A}"
EndProject
Project("{FAE04EC0-301F-11D3-BF4B-00C04F79EFBC}") = "SolutionIntersectionOfTwoLinkedLists", "LinkedList\SolutionIntersectionOfTwoLinkedLists\SolutionIntersectionOfTwoLinkedLists.csproj", "{295F4275-BF24-4221-849E-F679CBF9596E}"
EndProject
Project("{FAE04EC0-301F-11D3-BF4B-00C04F79EFBC}") = "SolutionFindTheDuplicateNumber", "LinkedList\SolutionFindTheDuplicateNumber\SolutionFindTheDuplicateNumber.csproj", "{C45586E3-A1CD-4A81-BF24-93883D9E5840}"
EndProject
Project("{2150E333-8FDC-42A3-9474-1A3956D46DE8}") = "Tree", "Tree", "{D3E0E782-69E4-42A8-8FBB-C68165A266BD}"
EndProject
Project("{FAE04EC0-301F-11D3-BF4B-00C04F79EFBC}") = "BinarySearhTree", "Tree\BinarySearhTree\BinarySearhTree.csproj", "{9172C717-566D-47C7-90AC-BF8F84BB1776}"
EndProject
Project("{FAE04EC0-301F-11D3-BF4B-00C04F79EFBC}") = "ReverseString", "Tree\ReverseString\ReverseString.csproj", "{C4064F78-030B-408D-84C5-A53E898BE279}"
EndProject
Project("{FAE04EC0-301F-11D3-BF4B-00C04F79EFBC}") = "FibonacciNumber", "Tree\FibonacciNumber\FibonacciNumber.csproj", "{DD016404-3CE7-4105-86B7-80E91FB10F1B}"
EndProject
Project("{FAE04EC0-301F-11D3-BF4B-00C04F79EFBC}") = "InvertBinaryTree", "Tree\InvertBinaryTree\InvertBinaryTree.csproj", "{2CF0D9FC-7B91-42D7-A3B7-8708E127F54F}"
EndProject
Project("{FAE04EC0-301F-11D3-BF4B-00C04F79EFBC}") = "TreeTraversal", "Tree\TreeTraversal\TreeTraversal.csproj", "{FADE993C-B097-4D3A-98E2-04BC344703E9}"
EndProject
Global
	GlobalSection(SolutionConfigurationPlatforms) = preSolution
		Debug|Any CPU = Debug|Any CPU
		Release|Any CPU = Release|Any CPU
	EndGlobalSection
	GlobalSection(ProjectConfigurationPlatforms) = postSolution
		{DCD4229C-138E-4D97-B4D3-640147CE324A}.Debug|Any CPU.ActiveCfg = Debug|Any CPU
		{DCD4229C-138E-4D97-B4D3-640147CE324A}.Debug|Any CPU.Build.0 = Debug|Any CPU
		{DCD4229C-138E-4D97-B4D3-640147CE324A}.Release|Any CPU.ActiveCfg = Release|Any CPU
		{DCD4229C-138E-4D97-B4D3-640147CE324A}.Release|Any CPU.Build.0 = Release|Any CPU
		{10B5235F-E31D-43CB-8F7E-1992669E8302}.Debug|Any CPU.ActiveCfg = Debug|Any CPU
		{10B5235F-E31D-43CB-8F7E-1992669E8302}.Debug|Any CPU.Build.0 = Debug|Any CPU
		{10B5235F-E31D-43CB-8F7E-1992669E8302}.Release|Any CPU.ActiveCfg = Release|Any CPU
		{10B5235F-E31D-43CB-8F7E-1992669E8302}.Release|Any CPU.Build.0 = Release|Any CPU
		{E822ABE4-673D-4626-A298-D18DDB0F3AAC}.Debug|Any CPU.ActiveCfg = Debug|Any CPU
		{E822ABE4-673D-4626-A298-D18DDB0F3AAC}.Debug|Any CPU.Build.0 = Debug|Any CPU
		{E822ABE4-673D-4626-A298-D18DDB0F3AAC}.Release|Any CPU.ActiveCfg = Release|Any CPU
		{E822ABE4-673D-4626-A298-D18DDB0F3AAC}.Release|Any CPU.Build.0 = Release|Any CPU
		{C7384986-1578-4700-892F-E5BB59EEB8EA}.Debug|Any CPU.ActiveCfg = Debug|Any CPU
		{C7384986-1578-4700-892F-E5BB59EEB8EA}.Debug|Any CPU.Build.0 = Debug|Any CPU
		{C7384986-1578-4700-892F-E5BB59EEB8EA}.Release|Any CPU.ActiveCfg = Release|Any CPU
		{C7384986-1578-4700-892F-E5BB59EEB8EA}.Release|Any CPU.Build.0 = Release|Any CPU
		{949883BC-5BB3-493A-A0BA-035B16CB0D5E}.Debug|Any CPU.ActiveCfg = Debug|Any CPU
		{949883BC-5BB3-493A-A0BA-035B16CB0D5E}.Debug|Any CPU.Build.0 = Debug|Any CPU
		{949883BC-5BB3-493A-A0BA-035B16CB0D5E}.Release|Any CPU.ActiveCfg = Release|Any CPU
		{949883BC-5BB3-493A-A0BA-035B16CB0D5E}.Release|Any CPU.Build.0 = Release|Any CPU
		{82A163E1-686A-4009-886D-0E152270775D}.Debug|Any CPU.ActiveCfg = Debug|Any CPU
		{82A163E1-686A-4009-886D-0E152270775D}.Debug|Any CPU.Build.0 = Debug|Any CPU
		{82A163E1-686A-4009-886D-0E152270775D}.Release|Any CPU.ActiveCfg = Release|Any CPU
		{82A163E1-686A-4009-886D-0E152270775D}.Release|Any CPU.Build.0 = Release|Any CPU
		{968F925C-8D25-487C-ACC2-C445AA9DE6CA}.Debug|Any CPU.ActiveCfg = Debug|Any CPU
		{968F925C-8D25-487C-ACC2-C445AA9DE6CA}.Debug|Any CPU.Build.0 = Debug|Any CPU
		{968F925C-8D25-487C-ACC2-C445AA9DE6CA}.Release|Any CPU.ActiveCfg = Release|Any CPU
		{968F925C-8D25-487C-ACC2-C445AA9DE6CA}.Release|Any CPU.Build.0 = Release|Any CPU
		{F365BB53-6CD2-4D9A-BEF6-7B7FE5C3CA51}.Debug|Any CPU.ActiveCfg = Debug|Any CPU
		{F365BB53-6CD2-4D9A-BEF6-7B7FE5C3CA51}.Debug|Any CPU.Build.0 = Debug|Any CPU
		{F365BB53-6CD2-4D9A-BEF6-7B7FE5C3CA51}.Release|Any CPU.ActiveCfg = Release|Any CPU
		{F365BB53-6CD2-4D9A-BEF6-7B7FE5C3CA51}.Release|Any CPU.Build.0 = Release|Any CPU
		{57E96874-5242-421F-A397-F9FCEC4557BD}.Debug|Any CPU.ActiveCfg = Debug|Any CPU
		{57E96874-5242-421F-A397-F9FCEC4557BD}.Debug|Any CPU.Build.0 = Debug|Any CPU
		{57E96874-5242-421F-A397-F9FCEC4557BD}.Release|Any CPU.ActiveCfg = Release|Any CPU
		{57E96874-5242-421F-A397-F9FCEC4557BD}.Release|Any CPU.Build.0 = Release|Any CPU
		{A06F8878-6CC9-46B4-9E94-03E8830C432B}.Debug|Any CPU.ActiveCfg = Debug|Any CPU
		{A06F8878-6CC9-46B4-9E94-03E8830C432B}.Debug|Any CPU.Build.0 = Debug|Any CPU
		{A06F8878-6CC9-46B4-9E94-03E8830C432B}.Release|Any CPU.ActiveCfg = Release|Any CPU
		{A06F8878-6CC9-46B4-9E94-03E8830C432B}.Release|Any CPU.Build.0 = Release|Any CPU
		{A7D8542B-09B0-4086-98E4-901E54B6FF1A}.Debug|Any CPU.ActiveCfg = Debug|Any CPU
		{A7D8542B-09B0-4086-98E4-901E54B6FF1A}.Debug|Any CPU.Build.0 = Debug|Any CPU
		{A7D8542B-09B0-4086-98E4-901E54B6FF1A}.Release|Any CPU.ActiveCfg = Release|Any CPU
		{A7D8542B-09B0-4086-98E4-901E54B6FF1A}.Release|Any CPU.Build.0 = Release|Any CPU
		{295F4275-BF24-4221-849E-F679CBF9596E}.Debug|Any CPU.ActiveCfg = Debug|Any CPU
		{295F4275-BF24-4221-849E-F679CBF9596E}.Debug|Any CPU.Build.0 = Debug|Any CPU
		{295F4275-BF24-4221-849E-F679CBF9596E}.Release|Any CPU.ActiveCfg = Release|Any CPU
		{295F4275-BF24-4221-849E-F679CBF9596E}.Release|Any CPU.Build.0 = Release|Any CPU
		{C45586E3-A1CD-4A81-BF24-93883D9E5840}.Debug|Any CPU.ActiveCfg = Debug|Any CPU
		{C45586E3-A1CD-4A81-BF24-93883D9E5840}.Debug|Any CPU.Build.0 = Debug|Any CPU
		{C45586E3-A1CD-4A81-BF24-93883D9E5840}.Release|Any CPU.ActiveCfg = Release|Any CPU
		{C45586E3-A1CD-4A81-BF24-93883D9E5840}.Release|Any CPU.Build.0 = Release|Any CPU
		{9172C717-566D-47C7-90AC-BF8F84BB1776}.Debug|Any CPU.ActiveCfg = Debug|Any CPU
		{9172C717-566D-47C7-90AC-BF8F84BB1776}.Debug|Any CPU.Build.0 = Debug|Any CPU
		{9172C717-566D-47C7-90AC-BF8F84BB1776}.Release|Any CPU.ActiveCfg = Release|Any CPU
		{9172C717-566D-47C7-90AC-BF8F84BB1776}.Release|Any CPU.Build.0 = Release|Any CPU
		{C4064F78-030B-408D-84C5-A53E898BE279}.Debug|Any CPU.ActiveCfg = Debug|Any CPU
		{C4064F78-030B-408D-84C5-A53E898BE279}.Debug|Any CPU.Build.0 = Debug|Any CPU
		{C4064F78-030B-408D-84C5-A53E898BE279}.Release|Any CPU.ActiveCfg = Release|Any CPU
		{C4064F78-030B-408D-84C5-A53E898BE279}.Release|Any CPU.Build.0 = Release|Any CPU
		{DD016404-3CE7-4105-86B7-80E91FB10F1B}.Debug|Any CPU.ActiveCfg = Debug|Any CPU
		{DD016404-3CE7-4105-86B7-80E91FB10F1B}.Debug|Any CPU.Build.0 = Debug|Any CPU
		{DD016404-3CE7-4105-86B7-80E91FB10F1B}.Release|Any CPU.ActiveCfg = Release|Any CPU
		{DD016404-3CE7-4105-86B7-80E91FB10F1B}.Release|Any CPU.Build.0 = Release|Any CPU
		{2CF0D9FC-7B91-42D7-A3B7-8708E127F54F}.Debug|Any CPU.ActiveCfg = Debug|Any CPU
		{2CF0D9FC-7B91-42D7-A3B7-8708E127F54F}.Debug|Any CPU.Build.0 = Debug|Any CPU
		{2CF0D9FC-7B91-42D7-A3B7-8708E127F54F}.Release|Any CPU.ActiveCfg = Release|Any CPU
		{2CF0D9FC-7B91-42D7-A3B7-8708E127F54F}.Release|Any CPU.Build.0 = Release|Any CPU
		{FADE993C-B097-4D3A-98E2-04BC344703E9}.Debug|Any CPU.ActiveCfg = Debug|Any CPU
		{FADE993C-B097-4D3A-98E2-04BC344703E9}.Debug|Any CPU.Build.0 = Debug|Any CPU
		{FADE993C-B097-4D3A-98E2-04BC344703E9}.Release|Any CPU.ActiveCfg = Release|Any CPU
		{FADE993C-B097-4D3A-98E2-04BC344703E9}.Release|Any CPU.Build.0 = Release|Any CPU
	EndGlobalSection
	GlobalSection(SolutionProperties) = preSolution
		HideSolutionNode = FALSE
	EndGlobalSection
	GlobalSection(NestedProjects) = preSolution
		{10B5235F-E31D-43CB-8F7E-1992669E8302} = {B647AE88-CDDD-44D1-A898-DC5BD4BC4DE9}
		{E822ABE4-673D-4626-A298-D18DDB0F3AAC} = {B647AE88-CDDD-44D1-A898-DC5BD4BC4DE9}
		{C7384986-1578-4700-892F-E5BB59EEB8EA} = {B647AE88-CDDD-44D1-A898-DC5BD4BC4DE9}
		{949883BC-5BB3-493A-A0BA-035B16CB0D5E} = {2D226CD7-C822-407F-A810-61120355944B}
		{82A163E1-686A-4009-886D-0E152270775D} = {2D226CD7-C822-407F-A810-61120355944B}
		{968F925C-8D25-487C-ACC2-C445AA9DE6CA} = {2D226CD7-C822-407F-A810-61120355944B}
		{F365BB53-6CD2-4D9A-BEF6-7B7FE5C3CA51} = {2D226CD7-C822-407F-A810-61120355944B}
		{57E96874-5242-421F-A397-F9FCEC4557BD} = {2D226CD7-C822-407F-A810-61120355944B}
		{A06F8878-6CC9-46B4-9E94-03E8830C432B} = {2D226CD7-C822-407F-A810-61120355944B}
		{A7D8542B-09B0-4086-98E4-901E54B6FF1A} = {FD620450-3EA3-4B62-A512-3BDF73FABD18}
		{295F4275-BF24-4221-849E-F679CBF9596E} = {FD620450-3EA3-4B62-A512-3BDF73FABD18}
		{C45586E3-A1CD-4A81-BF24-93883D9E5840} = {FD620450-3EA3-4B62-A512-3BDF73FABD18}
		{9172C717-566D-47C7-90AC-BF8F84BB1776} = {D3E0E782-69E4-42A8-8FBB-C68165A266BD}
		{C4064F78-030B-408D-84C5-A53E898BE279} = {D3E0E782-69E4-42A8-8FBB-C68165A266BD}
		{DD016404-3CE7-4105-86B7-80E91FB10F1B} = {D3E0E782-69E4-42A8-8FBB-C68165A266BD}
		{2CF0D9FC-7B91-42D7-A3B7-8708E127F54F} = {D3E0E782-69E4-42A8-8FBB-C68165A266BD}
		{FADE993C-B097-4D3A-98E2-04BC344703E9} = {D3E0E782-69E4-42A8-8FBB-C68165A266BD}
	EndGlobalSection
EndGlobal
