
Microsoft Visual Studio Solution File, Format Version 12.00
# Visual Studio Version 17
VisualStudioVersion = 17.0.31903.59
MinimumVisualStudioVersion = 10.0.40219.1
Project("{FAE04EC0-301F-11D3-BF4B-00C04F79EFBC}") = "BigONotationFunctions", "BigONotationFunctions\BigONotationFunctions.csproj", "{DCD4229C-138E-4D97-B4D3-640147CE324A}"
EndProject
Project("{2150E333-8FDC-42A3-9474-1A3956D46DE8}") = "ArraysAndLists", "ArraysAndLists", "{B647AE88-CDDD-44D1-A898-DC5BD4BC4DE9}"
EndProject
Project("{FAE04EC0-301F-11D3-BF4B-00C04F79EFBC}") = "ContainsDuplicate", "ArraysAndLists\ContainsDuplicate\ContainsDuplicate.csproj", "{10B5235F-E31D-43CB-8F7E-1992669E8302}"
EndProject
Project("{FAE04EC0-301F-11D3-BF4B-00C04F79EFBC}") = "SingleNumber", "ArraysAndLists\SingleNumber\SingleNumber.csproj", "{E822ABE4-673D-4626-A298-D18DDB0F3AAC}"
EndProject
Project("{FAE04EC0-301F-11D3-BF4B-00C04F79EFBC}") = "MajorityElement", "ArraysAndLists\MajorityElement\MajorityElement.csproj", "{C7384986-1578-4700-892F-E5BB59EEB8EA}"
EndProject
Global
	GlobalSection(SolutionConfigurationPlatforms) = preSolution
		Debug|Any CPU = Debug|Any CPU
		Release|Any CPU = Release|Any CPU
	EndGlobalSection
	GlobalSection(SolutionProperties) = preSolution
		HideSolutionNode = FALSE
	EndGlobalSection
	GlobalSection(ProjectConfigurationPlatforms) = postSolution
		{DCD4229C-138E-4D97-B4D3-640147CE324A}.Debug|Any CPU.ActiveCfg = Debug|Any CPU
		{DCD4229C-138E-4D97-B4D3-640147CE324A}.Debug|Any CPU.Build.0 = Debug|Any CPU
		{DCD4229C-138E-4D97-B4D3-640147CE324A}.Release|Any CPU.ActiveCfg = Release|Any CPU
		{DCD4229C-138E-4D97-B4D3-640147CE324A}.Release|Any CPU.Build.0 = Release|Any CPU
		{10B5235F-E31D-43CB-8F7E-1992669E8302}.Debug|Any CPU.ActiveCfg = Debug|Any CPU
		{10B5235F-E31D-43CB-8F7E-1992669E8302}.Debug|Any CPU.Build.0 = Debug|Any CPU
		{10B5235F-E31D-43CB-8F7E-1992669E8302}.Release|Any CPU.ActiveCfg = Release|Any CPU
		{10B5235F-E31D-43CB-8F7E-1992669E8302}.Release|Any CPU.Build.0 = Release|Any CPU
		{E822ABE4-673D-4626-A298-D18DDB0F3AAC}.Debug|Any CPU.ActiveCfg = Debug|Any CPU
		{E822ABE4-673D-4626-A298-D18DDB0F3AAC}.Debug|Any CPU.Build.0 = Debug|Any CPU
		{E822ABE4-673D-4626-A298-D18DDB0F3AAC}.Release|Any CPU.ActiveCfg = Release|Any CPU
		{E822ABE4-673D-4626-A298-D18DDB0F3AAC}.Release|Any CPU.Build.0 = Release|Any CPU
		{C7384986-1578-4700-892F-E5BB59EEB8EA}.Debug|Any CPU.ActiveCfg = Debug|Any CPU
		{C7384986-1578-4700-892F-E5BB59EEB8EA}.Debug|Any CPU.Build.0 = Debug|Any CPU
		{C7384986-1578-4700-892F-E5BB59EEB8EA}.Release|Any CPU.ActiveCfg = Release|Any CPU
		{C7384986-1578-4700-892F-E5BB59EEB8EA}.Release|Any CPU.Build.0 = Release|Any CPU
	EndGlobalSection
	GlobalSection(NestedProjects) = preSolution
		{10B5235F-E31D-43CB-8F7E-1992669E8302} = {B647AE88-CDDD-44D1-A898-DC5BD4BC4DE9}
		{E822ABE4-673D-4626-A298-D18DDB0F3AAC} = {B647AE88-CDDD-44D1-A898-DC5BD4BC4DE9}
		{C7384986-1578-4700-892F-E5BB59EEB8EA} = {B647AE88-CDDD-44D1-A898-DC5BD4BC4DE9}
	EndGlobalSection
EndGlobal
